
Microsoft Visual Studio Solution File, Format Version 12.00
# Visual Studio Version 17
VisualStudioVersion = 17.3.32929.385
MinimumVisualStudioVersion = 10.0.40219.1
Project("{9A19103F-16F7-4668-BE54-9A1E7A4F7556}") = "GeometryCalculator", "GeometryCalculator\GeometryCalculator.csproj", "{92C9C217-5622-43D1-8D57-F8D9EB6F9FB3}"
EndProject
Project("{FAE04EC0-301F-11D3-BF4B-00C04F79EFBC}") = "GeometryCalculatorTests", "GeometryCalculatorTest\GeometryCalculatorTests.csproj", "{459A348F-3EF6-47A0-B172-6B3506137140}"
EndProject
Global
	GlobalSection(SolutionConfigurationPlatforms) = preSolution
		Debug|Any CPU = Debug|Any CPU
		Release|Any CPU = Release|Any CPU
	EndGlobalSection
	GlobalSection(ProjectConfigurationPlatforms) = postSolution
		{92C9C217-5622-43D1-8D57-F8D9EB6F9FB3}.Debug|Any CPU.ActiveCfg = Debug|Any CPU
		{92C9C217-5622-43D1-8D57-F8D9EB6F9FB3}.Debug|Any CPU.Build.0 = Debug|Any CPU
		{92C9C217-5622-43D1-8D57-F8D9EB6F9FB3}.Release|Any CPU.ActiveCfg = Release|Any CPU
		{92C9C217-5622-43D1-8D57-F8D9EB6F9FB3}.Release|Any CPU.Build.0 = Release|Any CPU
		{459A348F-3EF6-47A0-B172-6B3506137140}.Debug|Any CPU.ActiveCfg = Debug|Any CPU
		{459A348F-3EF6-47A0-B172-6B3506137140}.Debug|Any CPU.Build.0 = Debug|Any CPU
		{459A348F-3EF6-47A0-B172-6B3506137140}.Release|Any CPU.ActiveCfg = Release|Any CPU
		{459A348F-3EF6-47A0-B172-6B3506137140}.Release|Any CPU.Build.0 = Release|Any CPU
	EndGlobalSection
	GlobalSection(SolutionProperties) = preSolution
		HideSolutionNode = FALSE
	EndGlobalSection
	GlobalSection(ExtensibilityGlobals) = postSolution
		SolutionGuid = {3D2FC179-9C57-4795-8491-E3C4FD187E6B}
	EndGlobalSection
EndGlobal
